
Microsoft Visual Studio Solution File, Format Version 12.00
# Visual Studio 15
VisualStudioVersion = 15.0.28307.329
MinimumVisualStudioVersion = 10.0.40219.1
Project("{FAE04EC0-301F-11D3-BF4B-00C04F79EFBC}") = "ISAM5430_homework01", "ISAM5430_homework01\ISAM5430_homework01.csproj", "{D1B7BAC3-ACF1-4BA5-9A4F-ADCFB735C7DF}"
EndProject
Global
	GlobalSection(SolutionConfigurationPlatforms) = preSolution
		Debug|Any CPU = Debug|Any CPU
		Release|Any CPU = Release|Any CPU
	EndGlobalSection
	GlobalSection(ProjectConfigurationPlatforms) = postSolution
		{D1B7BAC3-ACF1-4BA5-9A4F-ADCFB735C7DF}.Debug|Any CPU.ActiveCfg = Debug|Any CPU
		{D1B7BAC3-ACF1-4BA5-9A4F-ADCFB735C7DF}.Debug|Any CPU.Build.0 = Debug|Any CPU
		{D1B7BAC3-ACF1-4BA5-9A4F-ADCFB735C7DF}.Release|Any CPU.ActiveCfg = Release|Any CPU
		{D1B7BAC3-ACF1-4BA5-9A4F-ADCFB735C7DF}.Release|Any CPU.Build.0 = Release|Any CPU
	EndGlobalSection
	GlobalSection(SolutionProperties) = preSolution
		HideSolutionNode = FALSE
	EndGlobalSection
	GlobalSection(ExtensibilityGlobals) = postSolution
		SolutionGuid = {BB05FD9A-3E58-4980-A195-050E00E756D6}
	EndGlobalSection
EndGlobal
